
Microsoft Visual Studio Solution File, Format Version 12.00
# Visual Studio Version 17
VisualStudioVersion = 17.3.32825.248
MinimumVisualStudioVersion = 10.0.40219.1
Project("{FAE04EC0-301F-11D3-BF4B-00C04F79EFBC}") = "dice_generator_2", "dice_generator_2.0\dice_generator_2.csproj", "{83E59B46-547C-402D-A0B2-DA864D92E130}"
EndProject
Global
	GlobalSection(SolutionConfigurationPlatforms) = preSolution
		Debug|Any CPU = Debug|Any CPU
		Release|Any CPU = Release|Any CPU
	EndGlobalSection
	GlobalSection(ProjectConfigurationPlatforms) = postSolution
		{83E59B46-547C-402D-A0B2-DA864D92E130}.Debug|Any CPU.ActiveCfg = Debug|Any CPU
		{83E59B46-547C-402D-A0B2-DA864D92E130}.Debug|Any CPU.Build.0 = Debug|Any CPU
		{83E59B46-547C-402D-A0B2-DA864D92E130}.Release|Any CPU.ActiveCfg = Release|Any CPU
		{83E59B46-547C-402D-A0B2-DA864D92E130}.Release|Any CPU.Build.0 = Release|Any CPU
	EndGlobalSection
	GlobalSection(SolutionProperties) = preSolution
		HideSolutionNode = FALSE
	EndGlobalSection
	GlobalSection(ExtensibilityGlobals) = postSolution
		SolutionGuid = {A28D9EB7-03E8-498A-AE82-0EE95ACC8EB0}
	EndGlobalSection
EndGlobal
